
Microsoft Visual Studio Solution File, Format Version 12.00
# Visual Studio Version 16
VisualStudioVersion = 16.0.31025.194
MinimumVisualStudioVersion = 10.0.40219.1
Project("{FAE04EC0-301F-11D3-BF4B-00C04F79EFBC}") = "ApiTesting", "ApiTesting.csproj", "{7311BDF2-B857-4811-9A22-0CA17FBB22CA}"
EndProject
Global
	GlobalSection(SolutionConfigurationPlatforms) = preSolution
		Debug|Any CPU = Debug|Any CPU
		Release|Any CPU = Release|Any CPU
	EndGlobalSection
	GlobalSection(ProjectConfigurationPlatforms) = postSolution
		{7311BDF2-B857-4811-9A22-0CA17FBB22CA}.Debug|Any CPU.ActiveCfg = Debug|Any CPU
		{7311BDF2-B857-4811-9A22-0CA17FBB22CA}.Debug|Any CPU.Build.0 = Debug|Any CPU
		{7311BDF2-B857-4811-9A22-0CA17FBB22CA}.Release|Any CPU.ActiveCfg = Release|Any CPU
		{7311BDF2-B857-4811-9A22-0CA17FBB22CA}.Release|Any CPU.Build.0 = Release|Any CPU
	EndGlobalSection
	GlobalSection(SolutionProperties) = preSolution
		HideSolutionNode = FALSE
	EndGlobalSection
	GlobalSection(ExtensibilityGlobals) = postSolution
		SolutionGuid = {CDEC5A1E-CC1D-45E6-ACD3-4CBB7885553B}
	EndGlobalSection
EndGlobal
